// !$*UTF8*$!
{
	archiveVersion = 1;
	classes = {
	};
	objectVersion = 50;
	objects = {

/* Begin PBXBuildFile section */
		612D5AE721727E9B002F4F9B /* GoogleService-Info.plist in Resources */ = {isa = PBXBuildFile; fileRef = 612D5AE621727E9A002F4F9B /* GoogleService-Info.plist */; };
		612D5AE92172842E002F4F9B /* EnterInfoVC.swift in Sources */ = {isa = PBXBuildFile; fileRef = 612D5AE82172842E002F4F9B /* EnterInfoVC.swift */; };
		612D5AEB2172A5F0002F4F9B /* EmailPasswordVC.swift in Sources */ = {isa = PBXBuildFile; fileRef = 612D5AEA2172A5F0002F4F9B /* EmailPasswordVC.swift */; };
		612D5AED2172AFB0002F4F9B /* ProductsPageVC.swift in Sources */ = {isa = PBXBuildFile; fileRef = 612D5AEC2172AFB0002F4F9B /* ProductsPageVC.swift */; };
		612D5AEF2172B6DE002F4F9B /* ProductCell.swift in Sources */ = {isa = PBXBuildFile; fileRef = 612D5AEE2172B6DE002F4F9B /* ProductCell.swift */; };
		612F1AED2170389E00CC7BD6 /* Podfile in Resources */ = {isa = PBXBuildFile; fileRef = 612F1AEC2170389E00CC7BD6 /* Podfile */; };
		612F1AEF21703C0400CC7BD6 /* SetDropOffVC.swift in Sources */ = {isa = PBXBuildFile; fileRef = 612F1AEE21703C0400CC7BD6 /* SetDropOffVC.swift */; };
		6134AE3221753C8800C1488B /* LoginPageVC.swift in Sources */ = {isa = PBXBuildFile; fileRef = 6134AE3121753C8800C1488B /* LoginPageVC.swift */; };
		6134AE36217540DE00C1488B /* ProductInfoVC.swift in Sources */ = {isa = PBXBuildFile; fileRef = 6134AE35217540DE00C1488B /* ProductInfoVC.swift */; };
		6138BF92217416CB002FD3FF /* TierCell.swift in Sources */ = {isa = PBXBuildFile; fileRef = 6138BF91217416CB002FD3FF /* TierCell.swift */; };
		6138BF96217426EF002FD3FF /* NoPlanVC.swift in Sources */ = {isa = PBXBuildFile; fileRef = 6138BF95217426EF002FD3FF /* NoPlanVC.swift */; };
		613C5C7D21822BCE00E7D8DB /* Order.swift in Sources */ = {isa = PBXBuildFile; fileRef = 613C5C7C21822BCE00E7D8DB /* Order.swift */; };
		613D7AF62171221300BBCA1B /* DealsPageVC.swift in Sources */ = {isa = PBXBuildFile; fileRef = 613D7AF52171221300BBCA1B /* DealsPageVC.swift */; };
		613D7AF82171222400BBCA1B /* AvailabilityPageVC.swift in Sources */ = {isa = PBXBuildFile; fileRef = 613D7AF72171222400BBCA1B /* AvailabilityPageVC.swift */; };
		613D7AFA2171276E00BBCA1B /* DealCell.swift in Sources */ = {isa = PBXBuildFile; fileRef = 613D7AF92171276E00BBCA1B /* DealCell.swift */; };
		613D7AFC2171388E00BBCA1B /* NearbyDistributorsVC.swift in Sources */ = {isa = PBXBuildFile; fileRef = 613D7AFB2171388E00BBCA1B /* NearbyDistributorsVC.swift */; };
		6173418D21768A5300148620 /* Product.swift in Sources */ = {isa = PBXBuildFile; fileRef = 6173418C21768A5300148620 /* Product.swift */; };
		61C3E524216FA16600D42DA9 /* AppDelegate.swift in Sources */ = {isa = PBXBuildFile; fileRef = 61C3E523216FA16600D42DA9 /* AppDelegate.swift */; };
		61C3E529216FA16600D42DA9 /* Main.storyboard in Resources */ = {isa = PBXBuildFile; fileRef = 61C3E527216FA16600D42DA9 /* Main.storyboard */; };
		61C3E52B216FA16800D42DA9 /* Assets.xcassets in Resources */ = {isa = PBXBuildFile; fileRef = 61C3E52A216FA16800D42DA9 /* Assets.xcassets */; };
		61C3E52E216FA16800D42DA9 /* LaunchScreen.storyboard in Resources */ = {isa = PBXBuildFile; fileRef = 61C3E52C216FA16800D42DA9 /* LaunchScreen.storyboard */; };
		61C3E539216FA16800D42DA9 /* GreekSuppliersTests.swift in Sources */ = {isa = PBXBuildFile; fileRef = 61C3E538216FA16800D42DA9 /* GreekSuppliersTests.swift */; };
		61C3E544216FA16800D42DA9 /* GreekSuppliersUITests.swift in Sources */ = {isa = PBXBuildFile; fileRef = 61C3E543216FA16800D42DA9 /* GreekSuppliersUITests.swift */; };
		61E758DD216FBB4200D745F9 /* SWRevealViewController.m in Sources */ = {isa = PBXBuildFile; fileRef = 61E758DB216FBB4100D745F9 /* SWRevealViewController.m */; };
		61E758E3216FC20A00D745F9 /* MenuVC.swift in Sources */ = {isa = PBXBuildFile; fileRef = 61E758E2216FC20A00D745F9 /* MenuVC.swift */; };
		61E758E5216FC2A500D745F9 /* MenuCell.swift in Sources */ = {isa = PBXBuildFile; fileRef = 61E758E4216FC2A500D745F9 /* MenuCell.swift */; };
		61E758E9216FC6D400D745F9 /* PaymentVC.swift in Sources */ = {isa = PBXBuildFile; fileRef = 61E758E8216FC6D400D745F9 /* PaymentVC.swift */; };
		61E758F0216FD60400D745F9 /* SettingsVC.swift in Sources */ = {isa = PBXBuildFile; fileRef = 61E758EF216FD60400D745F9 /* SettingsVC.swift */; };
		61E758F4216FD62100D745F9 /* BrandAmbassadorVC.swift in Sources */ = {isa = PBXBuildFile; fileRef = 61E758F3216FD62100D745F9 /* BrandAmbassadorVC.swift */; };
		61E758F6216FD62D00D745F9 /* ProductsVC.swift in Sources */ = {isa = PBXBuildFile; fileRef = 61E758F5216FD62D00D745F9 /* ProductsVC.swift */; };
		61E758F8216FEA0A00D745F9 /* MenuHeader.swift in Sources */ = {isa = PBXBuildFile; fileRef = 61E758F7216FEA0A00D745F9 /* MenuHeader.swift */; };
		61E758FE21700E7A00D745F9 /* Source_Serif_Pro in Resources */ = {isa = PBXBuildFile; fileRef = 61E758FD21700E7900D745F9 /* Source_Serif_Pro */; };
		61E7590021700E8500D745F9 /* Cinzel in Resources */ = {isa = PBXBuildFile; fileRef = 61E758FF21700E8500D745F9 /* Cinzel */; };
		61E759022170100F00D745F9 /* Helper.swift in Sources */ = {isa = PBXBuildFile; fileRef = 61E759012170100F00D745F9 /* Helper.swift */; };
		61E759032170112400D745F9 /* Source_Serif_Pro in Resources */ = {isa = PBXBuildFile; fileRef = 61E758FD21700E7900D745F9 /* Source_Serif_Pro */; };
		61E759042170112400D745F9 /* Source_Serif_Pro in Resources */ = {isa = PBXBuildFile; fileRef = 61E758FD21700E7900D745F9 /* Source_Serif_Pro */; };
		61E759052170112600D745F9 /* Cinzel in Resources */ = {isa = PBXBuildFile; fileRef = 61E758FF21700E8500D745F9 /* Cinzel */; };
		61E759062170112600D745F9 /* Cinzel in Resources */ = {isa = PBXBuildFile; fileRef = 61E758FF21700E8500D745F9 /* Cinzel */; };
		61F63CF2218290CA00261C59 /* Page.swift in Sources */ = {isa = PBXBuildFile; fileRef = 61F63CF1218290CA00261C59 /* Page.swift */; };
		61F63CF42182B9BC00261C59 /* AboutUsVC.swift in Sources */ = {isa = PBXBuildFile; fileRef = 61F63CF32182B9BC00261C59 /* AboutUsVC.swift */; };
		61F63CF62182B9D400261C59 /* FeedbackVC.swift in Sources */ = {isa = PBXBuildFile; fileRef = 61F63CF52182B9D400261C59 /* FeedbackVC.swift */; };
		61F63CFF2183741900261C59 /* CheckoutRowView.swift in Sources */ = {isa = PBXBuildFile; fileRef = 61F63CF82183741600261C59 /* CheckoutRowView.swift */; };
		61F63D002183741900261C59 /* SettingsViewController.swift in Sources */ = {isa = PBXBuildFile; fileRef = 61F63CF92183741700261C59 /* SettingsViewController.swift */; };
		61F63D012183741900261C59 /* BrowseProductsViewController.swift in Sources */ = {isa = PBXBuildFile; fileRef = 61F63CFA2183741700261C59 /* BrowseProductsViewController.swift */; };
		61F63D022183741900261C59 /* PaymentContextFooterView.swift in Sources */ = {isa = PBXBuildFile; fileRef = 61F63CFB2183741800261C59 /* PaymentContextFooterView.swift */; };
		61F63D032183741900261C59 /* Buttons.swift in Sources */ = {isa = PBXBuildFile; fileRef = 61F63CFC2183741800261C59 /* Buttons.swift */; };
		61F63D042183741900261C59 /* CheckoutViewController.swift in Sources */ = {isa = PBXBuildFile; fileRef = 61F63CFD2183741800261C59 /* CheckoutViewController.swift */; };
		61F63D052183741900261C59 /* MyAPIClient.swift in Sources */ = {isa = PBXBuildFile; fileRef = 61F63CFE2183741900261C59 /* MyAPIClient.swift */; };
		61FDADC421714F4B00A6AA05 /* TimeNeededVC.swift in Sources */ = {isa = PBXBuildFile; fileRef = 61FDADC321714F4B00A6AA05 /* TimeNeededVC.swift */; };
		61FDADC6217151E000A6AA05 /* OrderSummaryVC.swift in Sources */ = {isa = PBXBuildFile; fileRef = 61FDADC5217151E000A6AA05 /* OrderSummaryVC.swift */; };
		61FDADC82171525B00A6AA05 /* OrderCell.swift in Sources */ = {isa = PBXBuildFile; fileRef = 61FDADC72171525B00A6AA05 /* OrderCell.swift */; };
		61FDADDD21719A4300A6AA05 /* OrderTimeCell.swift in Sources */ = {isa = PBXBuildFile; fileRef = 61FDADDC21719A4300A6AA05 /* OrderTimeCell.swift */; };
		B9B7AC38750D5B31581DC7C3 /* libPods-GreekSuppliers.a in Frameworks */ = {isa = PBXBuildFile; fileRef = F2CCCF8F1C0C5F644DEA625C /* libPods-GreekSuppliers.a */; };
/* End PBXBuildFile section */

/* Begin PBXContainerItemProxy section */
		61C3E535216FA16800D42DA9 /* PBXContainerItemProxy */ = {
			isa = PBXContainerItemProxy;
			containerPortal = 61C3E518216FA16600D42DA9 /* Project object */;
			proxyType = 1;
			remoteGlobalIDString = 61C3E51F216FA16600D42DA9;
			remoteInfo = GreekSuppliers;
		};
		61C3E540216FA16800D42DA9 /* PBXContainerItemProxy */ = {
			isa = PBXContainerItemProxy;
			containerPortal = 61C3E518216FA16600D42DA9 /* Project object */;
			proxyType = 1;
			remoteGlobalIDString = 61C3E51F216FA16600D42DA9;
			remoteInfo = GreekSuppliers;
		};
/* End PBXContainerItemProxy section */

/* Begin PBXFileReference section */
		612D5AE621727E9A002F4F9B /* GoogleService-Info.plist */ = {isa = PBXFileReference; fileEncoding = 4; lastKnownFileType = text.plist.xml; path = "GoogleService-Info.plist"; sourceTree = "<group>"; };
		612D5AE82172842E002F4F9B /* EnterInfoVC.swift */ = {isa = PBXFileReference; lastKnownFileType = sourcecode.swift; path = EnterInfoVC.swift; sourceTree = "<group>"; };
		612D5AEA2172A5F0002F4F9B /* EmailPasswordVC.swift */ = {isa = PBXFileReference; lastKnownFileType = sourcecode.swift; path = EmailPasswordVC.swift; sourceTree = "<group>"; };
		612D5AEC2172AFB0002F4F9B /* ProductsPageVC.swift */ = {isa = PBXFileReference; lastKnownFileType = sourcecode.swift; path = ProductsPageVC.swift; sourceTree = "<group>"; };
		612D5AEE2172B6DE002F4F9B /* ProductCell.swift */ = {isa = PBXFileReference; lastKnownFileType = sourcecode.swift; path = ProductCell.swift; sourceTree = "<group>"; };
		612F1AEC2170389E00CC7BD6 /* Podfile */ = {isa = PBXFileReference; lastKnownFileType = text; path = Podfile; sourceTree = "<group>"; xcLanguageSpecificationIdentifier = xcode.lang.ruby; };
		612F1AEE21703C0400CC7BD6 /* SetDropOffVC.swift */ = {isa = PBXFileReference; lastKnownFileType = sourcecode.swift; path = SetDropOffVC.swift; sourceTree = "<group>"; };
		6134AE3121753C8800C1488B /* LoginPageVC.swift */ = {isa = PBXFileReference; lastKnownFileType = sourcecode.swift; path = LoginPageVC.swift; sourceTree = "<group>"; };
		6134AE35217540DE00C1488B /* ProductInfoVC.swift */ = {isa = PBXFileReference; fileEncoding = 4; lastKnownFileType = sourcecode.swift; path = ProductInfoVC.swift; sourceTree = "<group>"; };
		6138BF91217416CB002FD3FF /* TierCell.swift */ = {isa = PBXFileReference; lastKnownFileType = sourcecode.swift; path = TierCell.swift; sourceTree = "<group>"; };
		6138BF95217426EF002FD3FF /* NoPlanVC.swift */ = {isa = PBXFileReference; lastKnownFileType = sourcecode.swift; path = NoPlanVC.swift; sourceTree = "<group>"; };
		613C5C7C21822BCE00E7D8DB /* Order.swift */ = {isa = PBXFileReference; lastKnownFileType = sourcecode.swift; path = Order.swift; sourceTree = "<group>"; };
		613D7AF52171221300BBCA1B /* DealsPageVC.swift */ = {isa = PBXFileReference; lastKnownFileType = sourcecode.swift; path = DealsPageVC.swift; sourceTree = "<group>"; };
		613D7AF72171222400BBCA1B /* AvailabilityPageVC.swift */ = {isa = PBXFileReference; lastKnownFileType = sourcecode.swift; path = AvailabilityPageVC.swift; sourceTree = "<group>"; };
		613D7AF92171276E00BBCA1B /* DealCell.swift */ = {isa = PBXFileReference; lastKnownFileType = sourcecode.swift; path = DealCell.swift; sourceTree = "<group>"; };
		613D7AFB2171388E00BBCA1B /* NearbyDistributorsVC.swift */ = {isa = PBXFileReference; lastKnownFileType = sourcecode.swift; path = NearbyDistributorsVC.swift; sourceTree = "<group>"; };
		6173418C21768A5300148620 /* Product.swift */ = {isa = PBXFileReference; lastKnownFileType = sourcecode.swift; path = Product.swift; sourceTree = "<group>"; };
		61C3E520216FA16600D42DA9 /* GreekSuppliers.app */ = {isa = PBXFileReference; explicitFileType = wrapper.application; includeInIndex = 0; path = GreekSuppliers.app; sourceTree = BUILT_PRODUCTS_DIR; };
		61C3E523216FA16600D42DA9 /* AppDelegate.swift */ = {isa = PBXFileReference; lastKnownFileType = sourcecode.swift; path = AppDelegate.swift; sourceTree = "<group>"; };
		61C3E528216FA16600D42DA9 /* Base */ = {isa = PBXFileReference; lastKnownFileType = file.storyboard; name = Base; path = Base.lproj/Main.storyboard; sourceTree = "<group>"; };
		61C3E52A216FA16800D42DA9 /* Assets.xcassets */ = {isa = PBXFileReference; lastKnownFileType = folder.assetcatalog; path = Assets.xcassets; sourceTree = "<group>"; };
		61C3E52D216FA16800D42DA9 /* Base */ = {isa = PBXFileReference; lastKnownFileType = file.storyboard; name = Base; path = Base.lproj/LaunchScreen.storyboard; sourceTree = "<group>"; };
		61C3E52F216FA16800D42DA9 /* Info.plist */ = {isa = PBXFileReference; lastKnownFileType = text.plist.xml; path = Info.plist; sourceTree = "<group>"; };
		61C3E534216FA16800D42DA9 /* GreekSuppliersTests.xctest */ = {isa = PBXFileReference; explicitFileType = wrapper.cfbundle; includeInIndex = 0; path = GreekSuppliersTests.xctest; sourceTree = BUILT_PRODUCTS_DIR; };
		61C3E538216FA16800D42DA9 /* GreekSuppliersTests.swift */ = {isa = PBXFileReference; lastKnownFileType = sourcecode.swift; path = GreekSuppliersTests.swift; sourceTree = "<group>"; };
		61C3E53A216FA16800D42DA9 /* Info.plist */ = {isa = PBXFileReference; lastKnownFileType = text.plist.xml; path = Info.plist; sourceTree = "<group>"; };
		61C3E53F216FA16800D42DA9 /* GreekSuppliersUITests.xctest */ = {isa = PBXFileReference; explicitFileType = wrapper.cfbundle; includeInIndex = 0; path = GreekSuppliersUITests.xctest; sourceTree = BUILT_PRODUCTS_DIR; };
		61C3E543216FA16800D42DA9 /* GreekSuppliersUITests.swift */ = {isa = PBXFileReference; lastKnownFileType = sourcecode.swift; path = GreekSuppliersUITests.swift; sourceTree = "<group>"; };
		61C3E545216FA16800D42DA9 /* Info.plist */ = {isa = PBXFileReference; lastKnownFileType = text.plist.xml; path = Info.plist; sourceTree = "<group>"; };
		61E758DA216FBB4100D745F9 /* GreekSuppliers-Bridging-Header.h */ = {isa = PBXFileReference; lastKnownFileType = sourcecode.c.h; path = "GreekSuppliers-Bridging-Header.h"; sourceTree = "<group>"; };
		61E758DB216FBB4100D745F9 /* SWRevealViewController.m */ = {isa = PBXFileReference; fileEncoding = 4; lastKnownFileType = sourcecode.c.objc; path = SWRevealViewController.m; sourceTree = "<group>"; };
		61E758DC216FBB4100D745F9 /* SWRevealViewController.h */ = {isa = PBXFileReference; fileEncoding = 4; lastKnownFileType = sourcecode.c.h; path = SWRevealViewController.h; sourceTree = "<group>"; };
		61E758E2216FC20A00D745F9 /* MenuVC.swift */ = {isa = PBXFileReference; lastKnownFileType = sourcecode.swift; path = MenuVC.swift; sourceTree = "<group>"; };
		61E758E4216FC2A500D745F9 /* MenuCell.swift */ = {isa = PBXFileReference; lastKnownFileType = sourcecode.swift; path = MenuCell.swift; sourceTree = "<group>"; };
		61E758E8216FC6D400D745F9 /* PaymentVC.swift */ = {isa = PBXFileReference; lastKnownFileType = sourcecode.swift; path = PaymentVC.swift; sourceTree = "<group>"; };
		61E758EF216FD60400D745F9 /* SettingsVC.swift */ = {isa = PBXFileReference; lastKnownFileType = sourcecode.swift; path = SettingsVC.swift; sourceTree = "<group>"; };
		61E758F3216FD62100D745F9 /* BrandAmbassadorVC.swift */ = {isa = PBXFileReference; lastKnownFileType = sourcecode.swift; path = BrandAmbassadorVC.swift; sourceTree = "<group>"; };
		61E758F5216FD62D00D745F9 /* ProductsVC.swift */ = {isa = PBXFileReference; lastKnownFileType = sourcecode.swift; path = ProductsVC.swift; sourceTree = "<group>"; };
		61E758F7216FEA0A00D745F9 /* MenuHeader.swift */ = {isa = PBXFileReference; lastKnownFileType = sourcecode.swift; path = MenuHeader.swift; sourceTree = "<group>"; };
		61E758FD21700E7900D745F9 /* Source_Serif_Pro */ = {isa = PBXFileReference; lastKnownFileType = folder; path = Source_Serif_Pro; sourceTree = "<group>"; };
		61E758FF21700E8500D745F9 /* Cinzel */ = {isa = PBXFileReference; lastKnownFileType = folder; path = Cinzel; sourceTree = "<group>"; };
		61E759012170100F00D745F9 /* Helper.swift */ = {isa = PBXFileReference; lastKnownFileType = sourcecode.swift; path = Helper.swift; sourceTree = "<group>"; };
		61F63CF1218290CA00261C59 /* Page.swift */ = {isa = PBXFileReference; lastKnownFileType = sourcecode.swift; path = Page.swift; sourceTree = "<group>"; };
		61F63CF32182B9BC00261C59 /* AboutUsVC.swift */ = {isa = PBXFileReference; lastKnownFileType = sourcecode.swift; path = AboutUsVC.swift; sourceTree = "<group>"; };
		61F63CF52182B9D400261C59 /* FeedbackVC.swift */ = {isa = PBXFileReference; lastKnownFileType = sourcecode.swift; path = FeedbackVC.swift; sourceTree = "<group>"; };
		61F63CF82183741600261C59 /* CheckoutRowView.swift */ = {isa = PBXFileReference; fileEncoding = 4; lastKnownFileType = sourcecode.swift; path = CheckoutRowView.swift; sourceTree = "<group>"; };
		61F63CF92183741700261C59 /* SettingsViewController.swift */ = {isa = PBXFileReference; fileEncoding = 4; lastKnownFileType = sourcecode.swift; path = SettingsViewController.swift; sourceTree = "<group>"; };
		61F63CFA2183741700261C59 /* BrowseProductsViewController.swift */ = {isa = PBXFileReference; fileEncoding = 4; lastKnownFileType = sourcecode.swift; path = BrowseProductsViewController.swift; sourceTree = "<group>"; };
		61F63CFB2183741800261C59 /* PaymentContextFooterView.swift */ = {isa = PBXFileReference; fileEncoding = 4; lastKnownFileType = sourcecode.swift; path = PaymentContextFooterView.swift; sourceTree = "<group>"; };
		61F63CFC2183741800261C59 /* Buttons.swift */ = {isa = PBXFileReference; fileEncoding = 4; lastKnownFileType = sourcecode.swift; path = Buttons.swift; sourceTree = "<group>"; };
		61F63CFD2183741800261C59 /* CheckoutViewController.swift */ = {isa = PBXFileReference; fileEncoding = 4; lastKnownFileType = sourcecode.swift; path = CheckoutViewController.swift; sourceTree = "<group>"; };
		61F63CFE2183741900261C59 /* MyAPIClient.swift */ = {isa = PBXFileReference; fileEncoding = 4; lastKnownFileType = sourcecode.swift; path = MyAPIClient.swift; sourceTree = "<group>"; };
		61FDADC321714F4B00A6AA05 /* TimeNeededVC.swift */ = {isa = PBXFileReference; lastKnownFileType = sourcecode.swift; path = TimeNeededVC.swift; sourceTree = "<group>"; };
		61FDADC5217151E000A6AA05 /* OrderSummaryVC.swift */ = {isa = PBXFileReference; lastKnownFileType = sourcecode.swift; path = OrderSummaryVC.swift; sourceTree = "<group>"; };
		61FDADC72171525B00A6AA05 /* OrderCell.swift */ = {isa = PBXFileReference; lastKnownFileType = sourcecode.swift; path = OrderCell.swift; sourceTree = "<group>"; };
		61FDADDC21719A4300A6AA05 /* OrderTimeCell.swift */ = {isa = PBXFileReference; lastKnownFileType = sourcecode.swift; path = OrderTimeCell.swift; sourceTree = "<group>"; };
		A3146AF725A8C0D2743BF730 /* Pods-GreekSuppliers.release.xcconfig */ = {isa = PBXFileReference; includeInIndex = 1; lastKnownFileType = text.xcconfig; name = "Pods-GreekSuppliers.release.xcconfig"; path = "Pods/Target Support Files/Pods-GreekSuppliers/Pods-GreekSuppliers.release.xcconfig"; sourceTree = "<group>"; };
		C69CEF400A9C90FB437051BC /* Pods-GreekSuppliers.debug.xcconfig */ = {isa = PBXFileReference; includeInIndex = 1; lastKnownFileType = text.xcconfig; name = "Pods-GreekSuppliers.debug.xcconfig"; path = "Pods/Target Support Files/Pods-GreekSuppliers/Pods-GreekSuppliers.debug.xcconfig"; sourceTree = "<group>"; };
		F2CCCF8F1C0C5F644DEA625C /* libPods-GreekSuppliers.a */ = {isa = PBXFileReference; explicitFileType = archive.ar; includeInIndex = 0; path = "libPods-GreekSuppliers.a"; sourceTree = BUILT_PRODUCTS_DIR; };
/* End PBXFileReference section */

/* Begin PBXFrameworksBuildPhase section */
		61C3E51D216FA16600D42DA9 /* Frameworks */ = {
			isa = PBXFrameworksBuildPhase;
			buildActionMask = 2147483647;
			files = (
				B9B7AC38750D5B31581DC7C3 /* libPods-GreekSuppliers.a in Frameworks */,
			);
			runOnlyForDeploymentPostprocessing = 0;
		};
		61C3E531216FA16800D42DA9 /* Frameworks */ = {
			isa = PBXFrameworksBuildPhase;
			buildActionMask = 2147483647;
			files = (
			);
			runOnlyForDeploymentPostprocessing = 0;
		};
		61C3E53C216FA16800D42DA9 /* Frameworks */ = {
			isa = PBXFrameworksBuildPhase;
			buildActionMask = 2147483647;
			files = (
			);
			runOnlyForDeploymentPostprocessing = 0;
		};
/* End PBXFrameworksBuildPhase section */

/* Begin PBXGroup section */
		613C5C7F2182324100E7D8DB /* Sign In */ = {
			isa = PBXGroup;
			children = (
				6134AE3121753C8800C1488B /* LoginPageVC.swift */,
				612D5AE82172842E002F4F9B /* EnterInfoVC.swift */,
				612D5AEA2172A5F0002F4F9B /* EmailPasswordVC.swift */,
			);
			path = "Sign In";
			sourceTree = "<group>";
		};
		613C5C80218256A800E7D8DB /* Menu */ = {
			isa = PBXGroup;
			children = (
				61E758E2216FC20A00D745F9 /* MenuVC.swift */,
				61E758F7216FEA0A00D745F9 /* MenuHeader.swift */,
				61E758E4216FC2A500D745F9 /* MenuCell.swift */,
			);
			path = Menu;
			sourceTree = "<group>";
		};
		61C3E517216FA16600D42DA9 = {
			isa = PBXGroup;
			children = (
				612F1AEC2170389E00CC7BD6 /* Podfile */,
				61C3E522216FA16600D42DA9 /* GreekSuppliers */,
				61C3E537216FA16800D42DA9 /* GreekSuppliersTests */,
				61C3E542216FA16800D42DA9 /* GreekSuppliersUITests */,
				61C3E521216FA16600D42DA9 /* Products */,
				94FAF8BD63AA15AEA61CD223 /* Pods */,
				E161716255570447B603273C /* Frameworks */,
			);
			sourceTree = "<group>";
		};
		61C3E521216FA16600D42DA9 /* Products */ = {
			isa = PBXGroup;
			children = (
				61C3E520216FA16600D42DA9 /* GreekSuppliers.app */,
				61C3E534216FA16800D42DA9 /* GreekSuppliersTests.xctest */,
				61C3E53F216FA16800D42DA9 /* GreekSuppliersUITests.xctest */,
			);
			name = Products;
			sourceTree = "<group>";
		};
		61C3E522216FA16600D42DA9 /* GreekSuppliers */ = {
			isa = PBXGroup;
			children = (
				61F63CF7218373E600261C59 /* Stripe */,
				61E758FC21700E6000D745F9 /* Fonts */,
				61E758EB216FC8D800D745F9 /* Model */,
				61E758EC216FC8E000D745F9 /* View */,
				61E758ED216FC8E400D745F9 /* Controller */,
				61C3E52A216FA16800D42DA9 /* Assets.xcassets */,
				61C3E52F216FA16800D42DA9 /* Info.plist */,
				612D5AE621727E9A002F4F9B /* GoogleService-Info.plist */,
				61E759012170100F00D745F9 /* Helper.swift */,
				61E758DA216FBB4100D745F9 /* GreekSuppliers-Bridging-Header.h */,
				61E758DC216FBB4100D745F9 /* SWRevealViewController.h */,
				61E758DB216FBB4100D745F9 /* SWRevealViewController.m */,
			);
			path = GreekSuppliers;
			sourceTree = "<group>";
		};
		61C3E537216FA16800D42DA9 /* GreekSuppliersTests */ = {
			isa = PBXGroup;
			children = (
				61C3E538216FA16800D42DA9 /* GreekSuppliersTests.swift */,
				61C3E53A216FA16800D42DA9 /* Info.plist */,
			);
			path = GreekSuppliersTests;
			sourceTree = "<group>";
		};
		61C3E542216FA16800D42DA9 /* GreekSuppliersUITests */ = {
			isa = PBXGroup;
			children = (
				61C3E543216FA16800D42DA9 /* GreekSuppliersUITests.swift */,
				61C3E545216FA16800D42DA9 /* Info.plist */,
			);
			path = GreekSuppliersUITests;
			sourceTree = "<group>";
		};
		61E758EB216FC8D800D745F9 /* Model */ = {
			isa = PBXGroup;
			children = (
				6173418C21768A5300148620 /* Product.swift */,
				61F63CF1218290CA00261C59 /* Page.swift */,
				613C5C7C21822BCE00E7D8DB /* Order.swift */,
				61C3E523216FA16600D42DA9 /* AppDelegate.swift */,
			);
			path = Model;
			sourceTree = "<group>";
		};
		61E758EC216FC8E000D745F9 /* View */ = {
			isa = PBXGroup;
			children = (
				61C3E527216FA16600D42DA9 /* Main.storyboard */,
				61C3E52C216FA16800D42DA9 /* LaunchScreen.storyboard */,
			);
			path = View;
			sourceTree = "<group>";
		};
		61E758ED216FC8E400D745F9 /* Controller */ = {
			isa = PBXGroup;
			children = (
				613C5C7F2182324100E7D8DB /* Sign In */,
				613C5C80218256A800E7D8DB /* Menu */,
				61E758EE216FD5EC00D745F9 /* Pages */,
			);
			path = Controller;
			sourceTree = "<group>";
		};
		61E758EE216FD5EC00D745F9 /* Pages */ = {
			isa = PBXGroup;
			children = (
				61E758F9216FED0500D745F9 /* PlacingOrder */,
				61E758E8216FC6D400D745F9 /* PaymentVC.swift */,
				61E758F3216FD62100D745F9 /* BrandAmbassadorVC.swift */,
				61E758F5216FD62D00D745F9 /* ProductsVC.swift */,
				61F63CF32182B9BC00261C59 /* AboutUsVC.swift */,
				61E758EF216FD60400D745F9 /* SettingsVC.swift */,
				61F63CF52182B9D400261C59 /* FeedbackVC.swift */,
			);
			path = Pages;
			sourceTree = "<group>";
		};
		61E758F9216FED0500D745F9 /* PlacingOrder */ = {
			isa = PBXGroup;
			children = (
				6138BF95217426EF002FD3FF /* NoPlanVC.swift */,
				612D5AEC2172AFB0002F4F9B /* ProductsPageVC.swift */,
				612D5AEE2172B6DE002F4F9B /* ProductCell.swift */,
				6134AE35217540DE00C1488B /* ProductInfoVC.swift */,
				6138BF91217416CB002FD3FF /* TierCell.swift */,
				61FDADC321714F4B00A6AA05 /* TimeNeededVC.swift */,
				61FDADC5217151E000A6AA05 /* OrderSummaryVC.swift */,
				61FDADC72171525B00A6AA05 /* OrderCell.swift */,
				613D7AF52171221300BBCA1B /* DealsPageVC.swift */,
				613D7AF92171276E00BBCA1B /* DealCell.swift */,
				613D7AF72171222400BBCA1B /* AvailabilityPageVC.swift */,
				61FDADDC21719A4300A6AA05 /* OrderTimeCell.swift */,
				612F1AEE21703C0400CC7BD6 /* SetDropOffVC.swift */,
				613D7AFB2171388E00BBCA1B /* NearbyDistributorsVC.swift */,
			);
			path = PlacingOrder;
			sourceTree = "<group>";
		};
		61E758FC21700E6000D745F9 /* Fonts */ = {
			isa = PBXGroup;
			children = (
				61E758FD21700E7900D745F9 /* Source_Serif_Pro */,
				61E758FF21700E8500D745F9 /* Cinzel */,
			);
			path = Fonts;
			sourceTree = "<group>";
		};
		61F63CF7218373E600261C59 /* Stripe */ = {
			isa = PBXGroup;
			children = (
				61F63CFA2183741700261C59 /* BrowseProductsViewController.swift */,
				61F63CFC2183741800261C59 /* Buttons.swift */,
				61F63CF82183741600261C59 /* CheckoutRowView.swift */,
				61F63CFD2183741800261C59 /* CheckoutViewController.swift */,
				61F63CFE2183741900261C59 /* MyAPIClient.swift */,
				61F63CFB2183741800261C59 /* PaymentContextFooterView.swift */,
				61F63CF92183741700261C59 /* SettingsViewController.swift */,
			);
			path = Stripe;
			sourceTree = "<group>";
		};
		94FAF8BD63AA15AEA61CD223 /* Pods */ = {
			isa = PBXGroup;
			children = (
				C69CEF400A9C90FB437051BC /* Pods-GreekSuppliers.debug.xcconfig */,
				A3146AF725A8C0D2743BF730 /* Pods-GreekSuppliers.release.xcconfig */,
			);
			name = Pods;
			sourceTree = "<group>";
		};
		E161716255570447B603273C /* Frameworks */ = {
			isa = PBXGroup;
			children = (
				F2CCCF8F1C0C5F644DEA625C /* libPods-GreekSuppliers.a */,
			);
			name = Frameworks;
			sourceTree = "<group>";
		};
/* End PBXGroup section */

/* Begin PBXNativeTarget section */
		61C3E51F216FA16600D42DA9 /* GreekSuppliers */ = {
			isa = PBXNativeTarget;
			buildConfigurationList = 61C3E548216FA16800D42DA9 /* Build configuration list for PBXNativeTarget "GreekSuppliers" */;
			buildPhases = (
				744B4A1B211C8A91E09939DD /* [CP] Check Pods Manifest.lock */,
				61C3E51C216FA16600D42DA9 /* Sources */,
				61C3E51D216FA16600D42DA9 /* Frameworks */,
				61C3E51E216FA16600D42DA9 /* Resources */,
				14856866C47B9D3E34663E28 /* [CP] Copy Pods Resources */,
			);
			buildRules = (
			);
			dependencies = (
			);
			name = GreekSuppliers;
			productName = GreekSuppliers;
			productReference = 61C3E520216FA16600D42DA9 /* GreekSuppliers.app */;
			productType = "com.apple.product-type.application";
		};
		61C3E533216FA16800D42DA9 /* GreekSuppliersTests */ = {
			isa = PBXNativeTarget;
			buildConfigurationList = 61C3E54B216FA16800D42DA9 /* Build configuration list for PBXNativeTarget "GreekSuppliersTests" */;
			buildPhases = (
				61C3E530216FA16800D42DA9 /* Sources */,
				61C3E531216FA16800D42DA9 /* Frameworks */,
				61C3E532216FA16800D42DA9 /* Resources */,
			);
			buildRules = (
			);
			dependencies = (
				61C3E536216FA16800D42DA9 /* PBXTargetDependency */,
			);
			name = GreekSuppliersTests;
			productName = GreekSuppliersTests;
			productReference = 61C3E534216FA16800D42DA9 /* GreekSuppliersTests.xctest */;
			productType = "com.apple.product-type.bundle.unit-test";
		};
		61C3E53E216FA16800D42DA9 /* GreekSuppliersUITests */ = {
			isa = PBXNativeTarget;
			buildConfigurationList = 61C3E54E216FA16800D42DA9 /* Build configuration list for PBXNativeTarget "GreekSuppliersUITests" */;
			buildPhases = (
				61C3E53B216FA16800D42DA9 /* Sources */,
				61C3E53C216FA16800D42DA9 /* Frameworks */,
				61C3E53D216FA16800D42DA9 /* Resources */,
			);
			buildRules = (
			);
			dependencies = (
				61C3E541216FA16800D42DA9 /* PBXTargetDependency */,
			);
			name = GreekSuppliersUITests;
			productName = GreekSuppliersUITests;
			productReference = 61C3E53F216FA16800D42DA9 /* GreekSuppliersUITests.xctest */;
			productType = "com.apple.product-type.bundle.ui-testing";
		};
/* End PBXNativeTarget section */

/* Begin PBXProject section */
		61C3E518216FA16600D42DA9 /* Project object */ = {
			isa = PBXProject;
			attributes = {
				LastSwiftUpdateCheck = 1000;
				LastUpgradeCheck = 1000;
				ORGANIZATIONNAME = Harariapps;
				TargetAttributes = {
					61C3E51F216FA16600D42DA9 = {
						CreatedOnToolsVersion = 10.0;
						LastSwiftMigration = 1000;
					};
					61C3E533216FA16800D42DA9 = {
						CreatedOnToolsVersion = 10.0;
						TestTargetID = 61C3E51F216FA16600D42DA9;
					};
					61C3E53E216FA16800D42DA9 = {
						CreatedOnToolsVersion = 10.0;
						TestTargetID = 61C3E51F216FA16600D42DA9;
					};
				};
			};
			buildConfigurationList = 61C3E51B216FA16600D42DA9 /* Build configuration list for PBXProject "GreekSuppliers" */;
			compatibilityVersion = "Xcode 9.3";
			developmentRegion = en;
			hasScannedForEncodings = 0;
			knownRegions = (
				en,
				Base,
			);
			mainGroup = 61C3E517216FA16600D42DA9;
			productRefGroup = 61C3E521216FA16600D42DA9 /* Products */;
			projectDirPath = "";
			projectRoot = "";
			targets = (
				61C3E51F216FA16600D42DA9 /* GreekSuppliers */,
				61C3E533216FA16800D42DA9 /* GreekSuppliersTests */,
				61C3E53E216FA16800D42DA9 /* GreekSuppliersUITests */,
			);
		};
/* End PBXProject section */

/* Begin PBXResourcesBuildPhase section */
		61C3E51E216FA16600D42DA9 /* Resources */ = {
			isa = PBXResourcesBuildPhase;
			buildActionMask = 2147483647;
			files = (
				612F1AED2170389E00CC7BD6 /* Podfile in Resources */,
				61E7590021700E8500D745F9 /* Cinzel in Resources */,
				61C3E52E216FA16800D42DA9 /* LaunchScreen.storyboard in Resources */,
				61E758FE21700E7A00D745F9 /* Source_Serif_Pro in Resources */,
				61C3E52B216FA16800D42DA9 /* Assets.xcassets in Resources */,
				612D5AE721727E9B002F4F9B /* GoogleService-Info.plist in Resources */,
				61C3E529216FA16600D42DA9 /* Main.storyboard in Resources */,
			);
			runOnlyForDeploymentPostprocessing = 0;
		};
		61C3E532216FA16800D42DA9 /* Resources */ = {
			isa = PBXResourcesBuildPhase;
			buildActionMask = 2147483647;
			files = (
				61E759032170112400D745F9 /* Source_Serif_Pro in Resources */,
				61E759052170112600D745F9 /* Cinzel in Resources */,
			);
			runOnlyForDeploymentPostprocessing = 0;
		};
		61C3E53D216FA16800D42DA9 /* Resources */ = {
			isa = PBXResourcesBuildPhase;
			buildActionMask = 2147483647;
			files = (
				61E759042170112400D745F9 /* Source_Serif_Pro in Resources */,
				61E759062170112600D745F9 /* Cinzel in Resources */,
			);
			runOnlyForDeploymentPostprocessing = 0;
		};
/* End PBXResourcesBuildPhase section */

/* Begin PBXShellScriptBuildPhase section */
		14856866C47B9D3E34663E28 /* [CP] Copy Pods Resources */ = {
			isa = PBXShellScriptBuildPhase;
			buildActionMask = 2147483647;
			files = (
			);
			inputPaths = (
				"${SRCROOT}/Pods/Target Support Files/Pods-GreekSuppliers/Pods-GreekSuppliers-resources.sh",
				"${PODS_ROOT}/GoogleMaps/Maps/Frameworks/GoogleMaps.framework/Resources/GoogleMaps.bundle",
				"${PODS_ROOT}/GooglePlaces/Frameworks/GooglePlaces.framework/Resources/GooglePlaces.bundle",
			);
			name = "[CP] Copy Pods Resources";
			outputPaths = (
				"${TARGET_BUILD_DIR}/${UNLOCALIZED_RESOURCES_FOLDER_PATH}/GoogleMaps.bundle",
				"${TARGET_BUILD_DIR}/${UNLOCALIZED_RESOURCES_FOLDER_PATH}/GooglePlaces.bundle",
			);
			runOnlyForDeploymentPostprocessing = 0;
			shellPath = /bin/sh;
			shellScript = "\"${SRCROOT}/Pods/Target Support Files/Pods-GreekSuppliers/Pods-GreekSuppliers-resources.sh\"\n";
			showEnvVarsInLog = 0;
		};
		744B4A1B211C8A91E09939DD /* [CP] Check Pods Manifest.lock */ = {
			isa = PBXShellScriptBuildPhase;
			buildActionMask = 2147483647;
			files = (
			);
			inputPaths = (
				"${PODS_PODFILE_DIR_PATH}/Podfile.lock",
				"${PODS_ROOT}/Manifest.lock",
			);
			name = "[CP] Check Pods Manifest.lock";
			outputPaths = (
				"$(DERIVED_FILE_DIR)/Pods-GreekSuppliers-checkManifestLockResult.txt",
			);
			runOnlyForDeploymentPostprocessing = 0;
			shellPath = /bin/sh;
			shellScript = "diff \"${PODS_PODFILE_DIR_PATH}/Podfile.lock\" \"${PODS_ROOT}/Manifest.lock\" > /dev/null\nif [ $? != 0 ] ; then\n    # print error to STDERR\n    echo \"error: The sandbox is not in sync with the Podfile.lock. Run 'pod install' or update your CocoaPods installation.\" >&2\n    exit 1\nfi\n# This output is used by Xcode 'outputs' to avoid re-running this script phase.\necho \"SUCCESS\" > \"${SCRIPT_OUTPUT_FILE_0}\"\n";
			showEnvVarsInLog = 0;
		};
/* End PBXShellScriptBuildPhase section */

/* Begin PBXSourcesBuildPhase section */
		61C3E51C216FA16600D42DA9 /* Sources */ = {
			isa = PBXSourcesBuildPhase;
			buildActionMask = 2147483647;
			files = (
				61E758F6216FD62D00D745F9 /* ProductsVC.swift in Sources */,
				6138BF92217416CB002FD3FF /* TierCell.swift in Sources */,
				61E758F4216FD62100D745F9 /* BrandAmbassadorVC.swift in Sources */,
				612F1AEF21703C0400CC7BD6 /* SetDropOffVC.swift in Sources */,
				61FDADDD21719A4300A6AA05 /* OrderTimeCell.swift in Sources */,
				6134AE3221753C8800C1488B /* LoginPageVC.swift in Sources */,
				61F63CF42182B9BC00261C59 /* AboutUsVC.swift in Sources */,
				612D5AEB2172A5F0002F4F9B /* EmailPasswordVC.swift in Sources */,
				613D7AF82171222400BBCA1B /* AvailabilityPageVC.swift in Sources */,
				613C5C7D21822BCE00E7D8DB /* Order.swift in Sources */,
				61E758E9216FC6D400D745F9 /* PaymentVC.swift in Sources */,
				61FDADC421714F4B00A6AA05 /* TimeNeededVC.swift in Sources */,
				612D5AED2172AFB0002F4F9B /* ProductsPageVC.swift in Sources */,
				61E758E5216FC2A500D745F9 /* MenuCell.swift in Sources */,
				61F63D052183741900261C59 /* MyAPIClient.swift in Sources */,
				61F63D042183741900261C59 /* CheckoutViewController.swift in Sources */,
				613D7AFC2171388E00BBCA1B /* NearbyDistributorsVC.swift in Sources */,
				61F63D032183741900261C59 /* Buttons.swift in Sources */,
				61E758E3216FC20A00D745F9 /* MenuVC.swift in Sources */,
				61E758F8216FEA0A00D745F9 /* MenuHeader.swift in Sources */,
				6173418D21768A5300148620 /* Product.swift in Sources */,
				613D7AF62171221300BBCA1B /* DealsPageVC.swift in Sources */,
				6138BF96217426EF002FD3FF /* NoPlanVC.swift in Sources */,
				612D5AEF2172B6DE002F4F9B /* ProductCell.swift in Sources */,
				6134AE36217540DE00C1488B /* ProductInfoVC.swift in Sources */,
				61F63D022183741900261C59 /* PaymentContextFooterView.swift in Sources */,
				61F63CFF2183741900261C59 /* CheckoutRowView.swift in Sources */,
				61F63CF62182B9D400261C59 /* FeedbackVC.swift in Sources */,
				61F63D012183741900261C59 /* BrowseProductsViewController.swift in Sources */,
				61C3E524216FA16600D42DA9 /* AppDelegate.swift in Sources */,
				612D5AE92172842E002F4F9B /* EnterInfoVC.swift in Sources */,
				61E759022170100F00D745F9 /* Helper.swift in Sources */,
				61FDADC82171525B00A6AA05 /* OrderCell.swift in Sources */,
				613D7AFA2171276E00BBCA1B /* DealCell.swift in Sources */,
				61F63D002183741900261C59 /* SettingsViewController.swift in Sources */,
				61E758DD216FBB4200D745F9 /* SWRevealViewController.m in Sources */,
				61FDADC6217151E000A6AA05 /* OrderSummaryVC.swift in Sources */,
				61F63CF2218290CA00261C59 /* Page.swift in Sources */,
				61E758F0216FD60400D745F9 /* SettingsVC.swift in Sources */,
			);
			runOnlyForDeploymentPostprocessing = 0;
		};
		61C3E530216FA16800D42DA9 /* Sources */ = {
			isa = PBXSourcesBuildPhase;
			buildActionMask = 2147483647;
			files = (
				61C3E539216FA16800D42DA9 /* GreekSuppliersTests.swift in Sources */,
			);
			runOnlyForDeploymentPostprocessing = 0;
		};
		61C3E53B216FA16800D42DA9 /* Sources */ = {
			isa = PBXSourcesBuildPhase;
			buildActionMask = 2147483647;
			files = (
				61C3E544216FA16800D42DA9 /* GreekSuppliersUITests.swift in Sources */,
			);
			runOnlyForDeploymentPostprocessing = 0;
		};
/* End PBXSourcesBuildPhase section */

/* Begin PBXTargetDependency section */
		61C3E536216FA16800D42DA9 /* PBXTargetDependency */ = {
			isa = PBXTargetDependency;
			target = 61C3E51F216FA16600D42DA9 /* GreekSuppliers */;
			targetProxy = 61C3E535216FA16800D42DA9 /* PBXContainerItemProxy */;
		};
		61C3E541216FA16800D42DA9 /* PBXTargetDependency */ = {
			isa = PBXTargetDependency;
			target = 61C3E51F216FA16600D42DA9 /* GreekSuppliers */;
			targetProxy = 61C3E540216FA16800D42DA9 /* PBXContainerItemProxy */;
		};
/* End PBXTargetDependency section */

/* Begin PBXVariantGroup section */
		61C3E527216FA16600D42DA9 /* Main.storyboard */ = {
			isa = PBXVariantGroup;
			children = (
				61C3E528216FA16600D42DA9 /* Base */,
			);
			name = Main.storyboard;
			sourceTree = "<group>";
		};
		61C3E52C216FA16800D42DA9 /* LaunchScreen.storyboard */ = {
			isa = PBXVariantGroup;
			children = (
				61C3E52D216FA16800D42DA9 /* Base */,
			);
			name = LaunchScreen.storyboard;
			sourceTree = "<group>";
		};
/* End PBXVariantGroup section */

/* Begin XCBuildConfiguration section */
		61C3E546216FA16800D42DA9 /* Debug */ = {
			isa = XCBuildConfiguration;
			buildSettings = {
				ALWAYS_SEARCH_USER_PATHS = NO;
				CLANG_ANALYZER_NONNULL = YES;
				CLANG_ANALYZER_NUMBER_OBJECT_CONVERSION = YES_AGGRESSIVE;
				CLANG_CXX_LANGUAGE_STANDARD = "gnu++14";
				CLANG_CXX_LIBRARY = "libc++";
				CLANG_ENABLE_MODULES = YES;
				CLANG_ENABLE_OBJC_ARC = YES;
				CLANG_ENABLE_OBJC_WEAK = YES;
				CLANG_WARN_BLOCK_CAPTURE_AUTORELEASING = YES;
				CLANG_WARN_BOOL_CONVERSION = YES;
				CLANG_WARN_COMMA = YES;
				CLANG_WARN_CONSTANT_CONVERSION = YES;
				CLANG_WARN_DEPRECATED_OBJC_IMPLEMENTATIONS = YES;
				CLANG_WARN_DIRECT_OBJC_ISA_USAGE = YES_ERROR;
				CLANG_WARN_DOCUMENTATION_COMMENTS = YES;
				CLANG_WARN_EMPTY_BODY = YES;
				CLANG_WARN_ENUM_CONVERSION = YES;
				CLANG_WARN_INFINITE_RECURSION = YES;
				CLANG_WARN_INT_CONVERSION = YES;
				CLANG_WARN_NON_LITERAL_NULL_CONVERSION = YES;
				CLANG_WARN_OBJC_IMPLICIT_RETAIN_SELF = YES;
				CLANG_WARN_OBJC_LITERAL_CONVERSION = YES;
				CLANG_WARN_OBJC_ROOT_CLASS = YES_ERROR;
				CLANG_WARN_RANGE_LOOP_ANALYSIS = YES;
				CLANG_WARN_STRICT_PROTOTYPES = YES;
				CLANG_WARN_SUSPICIOUS_MOVE = YES;
				CLANG_WARN_UNGUARDED_AVAILABILITY = YES_AGGRESSIVE;
				CLANG_WARN_UNREACHABLE_CODE = YES;
				CLANG_WARN__DUPLICATE_METHOD_MATCH = YES;
				CODE_SIGN_IDENTITY = "iPhone Developer";
				COPY_PHASE_STRIP = NO;
				DEBUG_INFORMATION_FORMAT = dwarf;
				ENABLE_STRICT_OBJC_MSGSEND = YES;
				ENABLE_TESTABILITY = YES;
				GCC_C_LANGUAGE_STANDARD = gnu11;
				GCC_DYNAMIC_NO_PIC = NO;
				GCC_NO_COMMON_BLOCKS = YES;
				GCC_OPTIMIZATION_LEVEL = 0;
				GCC_PREPROCESSOR_DEFINITIONS = (
					"DEBUG=1",
					"$(inherited)",
				);
				GCC_WARN_64_TO_32_BIT_CONVERSION = YES;
				GCC_WARN_ABOUT_RETURN_TYPE = YES_ERROR;
				GCC_WARN_UNDECLARED_SELECTOR = YES;
				GCC_WARN_UNINITIALIZED_AUTOS = YES_AGGRESSIVE;
				GCC_WARN_UNUSED_FUNCTION = YES;
				GCC_WARN_UNUSED_VARIABLE = YES;
				IPHONEOS_DEPLOYMENT_TARGET = 12.0;
				MTL_ENABLE_DEBUG_INFO = INCLUDE_SOURCE;
				MTL_FAST_MATH = YES;
				ONLY_ACTIVE_ARCH = YES;
				SDKROOT = iphoneos;
				SWIFT_ACTIVE_COMPILATION_CONDITIONS = DEBUG;
				SWIFT_OPTIMIZATION_LEVEL = "-Onone";
			};
			name = Debug;
		};
		61C3E547216FA16800D42DA9 /* Release */ = {
			isa = XCBuildConfiguration;
			buildSettings = {
				ALWAYS_SEARCH_USER_PATHS = NO;
				CLANG_ANALYZER_NONNULL = YES;
				CLANG_ANALYZER_NUMBER_OBJECT_CONVERSION = YES_AGGRESSIVE;
				CLANG_CXX_LANGUAGE_STANDARD = "gnu++14";
				CLANG_CXX_LIBRARY = "libc++";
				CLANG_ENABLE_MODULES = YES;
				CLANG_ENABLE_OBJC_ARC = YES;
				CLANG_ENABLE_OBJC_WEAK = YES;
				CLANG_WARN_BLOCK_CAPTURE_AUTORELEASING = YES;
				CLANG_WARN_BOOL_CONVERSION = YES;
				CLANG_WARN_COMMA = YES;
				CLANG_WARN_CONSTANT_CONVERSION = YES;
				CLANG_WARN_DEPRECATED_OBJC_IMPLEMENTATIONS = YES;
				CLANG_WARN_DIRECT_OBJC_ISA_USAGE = YES_ERROR;
				CLANG_WARN_DOCUMENTATION_COMMENTS = YES;
				CLANG_WARN_EMPTY_BODY = YES;
				CLANG_WARN_ENUM_CONVERSION = YES;
				CLANG_WARN_INFINITE_RECURSION = YES;
				CLANG_WARN_INT_CONVERSION = YES;
				CLANG_WARN_NON_LITERAL_NULL_CONVERSION = YES;
				CLANG_WARN_OBJC_IMPLICIT_RETAIN_SELF = YES;
				CLANG_WARN_OBJC_LITERAL_CONVERSION = YES;
				CLANG_WARN_OBJC_ROOT_CLASS = YES_ERROR;
				CLANG_WARN_RANGE_LOOP_ANALYSIS = YES;
				CLANG_WARN_STRICT_PROTOTYPES = YES;
				CLANG_WARN_SUSPICIOUS_MOVE = YES;
				CLANG_WARN_UNGUARDED_AVAILABILITY = YES_AGGRESSIVE;
				CLANG_WARN_UNREACHABLE_CODE = YES;
				CLANG_WARN__DUPLICATE_METHOD_MATCH = YES;
				CODE_SIGN_IDENTITY = "iPhone Developer";
				COPY_PHASE_STRIP = NO;
				DEBUG_INFORMATION_FORMAT = "dwarf-with-dsym";
				ENABLE_NS_ASSERTIONS = NO;
				ENABLE_STRICT_OBJC_MSGSEND = YES;
				GCC_C_LANGUAGE_STANDARD = gnu11;
				GCC_NO_COMMON_BLOCKS = YES;
				GCC_WARN_64_TO_32_BIT_CONVERSION = YES;
				GCC_WARN_ABOUT_RETURN_TYPE = YES_ERROR;
				GCC_WARN_UNDECLARED_SELECTOR = YES;
				GCC_WARN_UNINITIALIZED_AUTOS = YES_AGGRESSIVE;
				GCC_WARN_UNUSED_FUNCTION = YES;
				GCC_WARN_UNUSED_VARIABLE = YES;
				IPHONEOS_DEPLOYMENT_TARGET = 12.0;
				MTL_ENABLE_DEBUG_INFO = NO;
				MTL_FAST_MATH = YES;
				SDKROOT = iphoneos;
				SWIFT_COMPILATION_MODE = wholemodule;
				SWIFT_OPTIMIZATION_LEVEL = "-O";
				VALIDATE_PRODUCT = YES;
			};
			name = Release;
		};
		61C3E549216FA16800D42DA9 /* Debug */ = {
			isa = XCBuildConfiguration;
			baseConfigurationReference = C69CEF400A9C90FB437051BC /* Pods-GreekSuppliers.debug.xcconfig */;
			buildSettings = {
				ASSETCATALOG_COMPILER_APPICON_NAME = AppIcon;
				CLANG_ENABLE_MODULES = YES;
				CODE_SIGN_IDENTITY = "iPhone Developer";
				CODE_SIGN_STYLE = Automatic;
				DEVELOPMENT_TEAM = UTV689KT4H;
				INFOPLIST_FILE = GreekSuppliers/Info.plist;
				IPHONEOS_DEPLOYMENT_TARGET = 10.0;
				LD_RUNPATH_SEARCH_PATHS = (
					"$(inherited)",
					"@executable_path/Frameworks",
				);
				PRODUCT_BUNDLE_IDENTIFIER = com.HarariApps.AllGreekSuppliers;
				PRODUCT_NAME = "$(TARGET_NAME)";
				PROVISIONING_PROFILE_SPECIFIER = "";
				SWIFT_OBJC_BRIDGING_HEADER = "GreekSuppliers/GreekSuppliers-Bridging-Header.h";
				SWIFT_OPTIMIZATION_LEVEL = "-Onone";
				SWIFT_VERSION = 4.2;
				TARGETED_DEVICE_FAMILY = "1,2";
			};
			name = Debug;
		};
		61C3E54A216FA16800D42DA9 /* Release */ = {
			isa = XCBuildConfiguration;
			baseConfigurationReference = A3146AF725A8C0D2743BF730 /* Pods-GreekSuppliers.release.xcconfig */;
			buildSettings = {
				ASSETCATALOG_COMPILER_APPICON_NAME = AppIcon;
				CLANG_ENABLE_MODULES = YES;
				CODE_SIGN_IDENTITY = "iPhone Developer";
				CODE_SIGN_STYLE = Automatic;
				DEVELOPMENT_TEAM = UTV689KT4H;
				INFOPLIST_FILE = GreekSuppliers/Info.plist;
				IPHONEOS_DEPLOYMENT_TARGET = 10.0;
				LD_RUNPATH_SEARCH_PATHS = (
					"$(inherited)",
					"@executable_path/Frameworks",
				);
				PRODUCT_BUNDLE_IDENTIFIER = com.HarariApps.AllGreekSuppliers;
				PRODUCT_NAME = "$(TARGET_NAME)";
				PROVISIONING_PROFILE_SPECIFIER = "";
				SWIFT_OBJC_BRIDGING_HEADER = "GreekSuppliers/GreekSuppliers-Bridging-Header.h";
				SWIFT_VERSION = 4.2;
				TARGETED_DEVICE_FAMILY = "1,2";
			};
			name = Release;
		};
		61C3E54C216FA16800D42DA9 /* Debug */ = {
			isa = XCBuildConfiguration;
			buildSettings = {
				ALWAYS_EMBED_SWIFT_STANDARD_LIBRARIES = YES;
				BUNDLE_LOADER = "$(TEST_HOST)";
				CODE_SIGN_STYLE = Automatic;
				DEVELOPMENT_TEAM = AY2AXR6GXX;
				INFOPLIST_FILE = GreekSuppliersTests/Info.plist;
				LD_RUNPATH_SEARCH_PATHS = (
					"$(inherited)",
					"@executable_path/Frameworks",
					"@loader_path/Frameworks",
				);
				PRODUCT_BUNDLE_IDENTIFIER = com.BarakHarari.GreekSuppliersTests;
				PRODUCT_NAME = "$(TARGET_NAME)";
				SWIFT_VERSION = 4.2;
				TARGETED_DEVICE_FAMILY = "1,2";
				TEST_HOST = "$(BUILT_PRODUCTS_DIR)/GreekSuppliers.app/GreekSuppliers";
			};
			name = Debug;
		};
		61C3E54D216FA16800D42DA9 /* Release */ = {
			isa = XCBuildConfiguration;
			buildSettings = {
				ALWAYS_EMBED_SWIFT_STANDARD_LIBRARIES = YES;
				BUNDLE_LOADER = "$(TEST_HOST)";
				CODE_SIGN_STYLE = Automatic;
				DEVELOPMENT_TEAM = AY2AXR6GXX;
				INFOPLIST_FILE = GreekSuppliersTests/Info.plist;
				LD_RUNPATH_SEARCH_PATHS = (
					"$(inherited)",
					"@executable_path/Frameworks",
					"@loader_path/Frameworks",
				);
				PRODUCT_BUNDLE_IDENTIFIER = com.BarakHarari.GreekSuppliersTests;
				PRODUCT_NAME = "$(TARGET_NAME)";
				SWIFT_VERSION = 4.2;
				TARGETED_DEVICE_FAMILY = "1,2";
				TEST_HOST = "$(BUILT_PRODUCTS_DIR)/GreekSuppliers.app/GreekSuppliers";
			};
			name = Release;
		};
		61C3E54F216FA16800D42DA9 /* Debug */ = {
			isa = XCBuildConfiguration;
			buildSettings = {
				ALWAYS_EMBED_SWIFT_STANDARD_LIBRARIES = YES;
				CODE_SIGN_STYLE = Automatic;
				DEVELOPMENT_TEAM = AY2AXR6GXX;
				INFOPLIST_FILE = GreekSuppliersUITests/Info.plist;
				LD_RUNPATH_SEARCH_PATHS = (
					"$(inherited)",
					"@executable_path/Frameworks",
					"@loader_path/Frameworks",
				);
				PRODUCT_BUNDLE_IDENTIFIER = com.BarakHarari.GreekSuppliersUITests;
				PRODUCT_NAME = "$(TARGET_NAME)";
				SWIFT_VERSION = 4.2;
				TARGETED_DEVICE_FAMILY = "1,2";
				TEST_TARGET_NAME = GreekSuppliers;
			};
			name = Debug;
		};
		61C3E550216FA16800D42DA9 /* Release */ = {
			isa = XCBuildConfiguration;
			buildSettings = {
				ALWAYS_EMBED_SWIFT_STANDARD_LIBRARIES = YES;
				CODE_SIGN_STYLE = Automatic;
				DEVELOPMENT_TEAM = AY2AXR6GXX;
				INFOPLIST_FILE = GreekSuppliersUITests/Info.plist;
				LD_RUNPATH_SEARCH_PATHS = (
					"$(inherited)",
					"@executable_path/Frameworks",
					"@loader_path/Frameworks",
				);
				PRODUCT_BUNDLE_IDENTIFIER = com.BarakHarari.GreekSuppliersUITests;
				PRODUCT_NAME = "$(TARGET_NAME)";
				SWIFT_VERSION = 4.2;
				TARGETED_DEVICE_FAMILY = "1,2";
				TEST_TARGET_NAME = GreekSuppliers;
			};
			name = Release;
		};
/* End XCBuildConfiguration section */

/* Begin XCConfigurationList section */
		61C3E51B216FA16600D42DA9 /* Build configuration list for PBXProject "GreekSuppliers" */ = {
			isa = XCConfigurationList;
			buildConfigurations = (
				61C3E546216FA16800D42DA9 /* Debug */,
				61C3E547216FA16800D42DA9 /* Release */,
			);
			defaultConfigurationIsVisible = 0;
			defaultConfigurationName = Release;
		};
		61C3E548216FA16800D42DA9 /* Build configuration list for PBXNativeTarget "GreekSuppliers" */ = {
			isa = XCConfigurationList;
			buildConfigurations = (
				61C3E549216FA16800D42DA9 /* Debug */,
				61C3E54A216FA16800D42DA9 /* Release */,
			);
			defaultConfigurationIsVisible = 0;
			defaultConfigurationName = Release;
		};
		61C3E54B216FA16800D42DA9 /* Build configuration list for PBXNativeTarget "GreekSuppliersTests" */ = {
			isa = XCConfigurationList;
			buildConfigurations = (
				61C3E54C216FA16800D42DA9 /* Debug */,
				61C3E54D216FA16800D42DA9 /* Release */,
			);
			defaultConfigurationIsVisible = 0;
			defaultConfigurationName = Release;
		};
		61C3E54E216FA16800D42DA9 /* Build configuration list for PBXNativeTarget "GreekSuppliersUITests" */ = {
			isa = XCConfigurationList;
			buildConfigurations = (
				61C3E54F216FA16800D42DA9 /* Debug */,
				61C3E550216FA16800D42DA9 /* Release */,
			);
			defaultConfigurationIsVisible = 0;
			defaultConfigurationName = Release;
		};
/* End XCConfigurationList section */
	};
	rootObject = 61C3E518216FA16600D42DA9 /* Project object */;
}
